// !$*UTF8*$!
{
	archiveVersion = 1;
	classes = {
	};
	objectVersion = 46;
	objects = {

/* Begin PBXBuildFile section */
		EEEA654F1CD1DA2500ED4673 /* AppDelegate.swift in Sources */ = {isa = PBXBuildFile; fileRef = EEEA654E1CD1DA2500ED4673 /* AppDelegate.swift */; };
		EEEA65511CD1DA2500ED4673 /* ViewController.swift in Sources */ = {isa = PBXBuildFile; fileRef = EEEA65501CD1DA2500ED4673 /* ViewController.swift */; };
		EEEA65541CD1DA2500ED4673 /* Main.storyboard in Resources */ = {isa = PBXBuildFile; fileRef = EEEA65521CD1DA2500ED4673 /* Main.storyboard */; };
		EEEA65561CD1DA2500ED4673 /* Assets.xcassets in Resources */ = {isa = PBXBuildFile; fileRef = EEEA65551CD1DA2500ED4673 /* Assets.xcassets */; };
		EEEA65591CD1DA2500ED4673 /* LaunchScreen.storyboard in Resources */ = {isa = PBXBuildFile; fileRef = EEEA65571CD1DA2500ED4673 /* LaunchScreen.storyboard */; };
		EEEA65641CD1DA2500ED4673 /* iOSElectricpowerTests.swift in Sources */ = {isa = PBXBuildFile; fileRef = EEEA65631CD1DA2500ED4673 /* iOSElectricpowerTests.swift */; };
		EEEA656F1CD1DA2500ED4673 /* iOSElectricpowerUITests.swift in Sources */ = {isa = PBXBuildFile; fileRef = EEEA656E1CD1DA2500ED4673 /* iOSElectricpowerUITests.swift */; };
/* End PBXBuildFile section */

/* Begin PBXContainerItemProxy section */
		EEEA65601CD1DA2500ED4673 /* PBXContainerItemProxy */ = {
			isa = PBXContainerItemProxy;
			containerPortal = EEEA65431CD1DA2500ED4673 /* Project object */;
			proxyType = 1;
			remoteGlobalIDString = EEEA654A1CD1DA2500ED4673;
			remoteInfo = iOSElectricpower;
		};
		EEEA656B1CD1DA2500ED4673 /* PBXContainerItemProxy */ = {
			isa = PBXContainerItemProxy;
			containerPortal = EEEA65431CD1DA2500ED4673 /* Project object */;
			proxyType = 1;
			remoteGlobalIDString = EEEA654A1CD1DA2500ED4673;
			remoteInfo = iOSElectricpower;
		};
/* End PBXContainerItemProxy section */

/* Begin PBXFileReference section */
		EEEA654B1CD1DA2500ED4673 /* iOSElectricpower.app */ = {isa = PBXFileReference; explicitFileType = wrapper.application; includeInIndex = 0; path = iOSElectricpower.app; sourceTree = BUILT_PRODUCTS_DIR; };
		EEEA654E1CD1DA2500ED4673 /* AppDelegate.swift */ = {isa = PBXFileReference; lastKnownFileType = sourcecode.swift; path = AppDelegate.swift; sourceTree = "<group>"; };
		EEEA65501CD1DA2500ED4673 /* ViewController.swift */ = {isa = PBXFileReference; lastKnownFileType = sourcecode.swift; path = ViewController.swift; sourceTree = "<group>"; };
		EEEA65531CD1DA2500ED4673 /* Base */ = {isa = PBXFileReference; lastKnownFileType = file.storyboard; name = Base; path = Base.lproj/Main.storyboard; sourceTree = "<group>"; };
		EEEA65551CD1DA2500ED4673 /* Assets.xcassets */ = {isa = PBXFileReference; lastKnownFileType = folder.assetcatalog; path = Assets.xcassets; sourceTree = "<group>"; };
		EEEA65581CD1DA2500ED4673 /* Base */ = {isa = PBXFileReference; lastKnownFileType = file.storyboard; name = Base; path = Base.lproj/LaunchScreen.storyboard; sourceTree = "<group>"; };
		EEEA655A1CD1DA2500ED4673 /* Info.plist */ = {isa = PBXFileReference; lastKnownFileType = text.plist.xml; path = Info.plist; sourceTree = "<group>"; };
		EEEA655F1CD1DA2500ED4673 /* iOSElectricpowerTests.xctest */ = {isa = PBXFileReference; explicitFileType = wrapper.cfbundle; includeInIndex = 0; path = iOSElectricpowerTests.xctest; sourceTree = BUILT_PRODUCTS_DIR; };
		EEEA65631CD1DA2500ED4673 /* iOSElectricpowerTests.swift */ = {isa = PBXFileReference; lastKnownFileType = sourcecode.swift; path = iOSElectricpowerTests.swift; sourceTree = "<group>"; };
		EEEA65651CD1DA2500ED4673 /* Info.plist */ = {isa = PBXFileReference; lastKnownFileType = text.plist.xml; path = Info.plist; sourceTree = "<group>"; };
		EEEA656A1CD1DA2500ED4673 /* iOSElectricpowerUITests.xctest */ = {isa = PBXFileReference; explicitFileType = wrapper.cfbundle; includeInIndex = 0; path = iOSElectricpowerUITests.xctest; sourceTree = BUILT_PRODUCTS_DIR; };
		EEEA656E1CD1DA2500ED4673 /* iOSElectricpowerUITests.swift */ = {isa = PBXFileReference; lastKnownFileType = sourcecode.swift; path = iOSElectricpowerUITests.swift; sourceTree = "<group>"; };
		EEEA65701CD1DA2500ED4673 /* Info.plist */ = {isa = PBXFileReference; lastKnownFileType = text.plist.xml; path = Info.plist; sourceTree = "<group>"; };
/* End PBXFileReference section */

/* Begin PBXFrameworksBuildPhase section */
		EEEA65481CD1DA2500ED4673 /* Frameworks */ = {
			isa = PBXFrameworksBuildPhase;
			buildActionMask = 2147483647;
			files = (
			);
			runOnlyForDeploymentPostprocessing = 0;
		};
		EEEA655C1CD1DA2500ED4673 /* Frameworks */ = {
			isa = PBXFrameworksBuildPhase;
			buildActionMask = 2147483647;
			files = (
			);
			runOnlyForDeploymentPostprocessing = 0;
		};
		EEEA65671CD1DA2500ED4673 /* Frameworks */ = {
			isa = PBXFrameworksBuildPhase;
			buildActionMask = 2147483647;
			files = (
			);
			runOnlyForDeploymentPostprocessing = 0;
		};
/* End PBXFrameworksBuildPhase section */

/* Begin PBXGroup section */
		EEEA65421CD1DA2500ED4673 = {
			isa = PBXGroup;
			children = (
				EEEA654D1CD1DA2500ED4673 /* iOSElectricpower */,
				EEEA65621CD1DA2500ED4673 /* iOSElectricpowerTests */,
				EEEA656D1CD1DA2500ED4673 /* iOSElectricpowerUITests */,
				EEEA654C1CD1DA2500ED4673 /* Products */,
			);
			sourceTree = "<group>";
		};
		EEEA654C1CD1DA2500ED4673 /* Products */ = {
			isa = PBXGroup;
			children = (
				EEEA654B1CD1DA2500ED4673 /* iOSElectricpower.app */,
				EEEA655F1CD1DA2500ED4673 /* iOSElectricpowerTests.xctest */,
				EEEA656A1CD1DA2500ED4673 /* iOSElectricpowerUITests.xctest */,
			);
			name = Products;
			sourceTree = "<group>";
		};
		EEEA654D1CD1DA2500ED4673 /* iOSElectricpower */ = {
			isa = PBXGroup;
			children = (
				EEEA654E1CD1DA2500ED4673 /* AppDelegate.swift */,
				EEEA65501CD1DA2500ED4673 /* ViewController.swift */,
				EEEA65521CD1DA2500ED4673 /* Main.storyboard */,
				EEEA65551CD1DA2500ED4673 /* Assets.xcassets */,
				EEEA65571CD1DA2500ED4673 /* LaunchScreen.storyboard */,
				EEEA655A1CD1DA2500ED4673 /* Info.plist */,
			);
			path = iOSElectricpower;
			sourceTree = "<group>";
		};
		EEEA65621CD1DA2500ED4673 /* iOSElectricpowerTests */ = {
			isa = PBXGroup;
			children = (
				EEEA65631CD1DA2500ED4673 /* iOSElectricpowerTests.swift */,
				EEEA65651CD1DA2500ED4673 /* Info.plist */,
			);
			path = iOSElectricpowerTests;
			sourceTree = "<group>";
		};
		EEEA656D1CD1DA2500ED4673 /* iOSElectricpowerUITests */ = {
			isa = PBXGroup;
			children = (
				EEEA656E1CD1DA2500ED4673 /* iOSElectricpowerUITests.swift */,
				EEEA65701CD1DA2500ED4673 /* Info.plist */,
			);
			path = iOSElectricpowerUITests;
			sourceTree = "<group>";
		};
/* End PBXGroup section */

/* Begin PBXNativeTarget section */
		EEEA654A1CD1DA2500ED4673 /* iOSElectricpower */ = {
			isa = PBXNativeTarget;
			buildConfigurationList = EEEA65731CD1DA2500ED4673 /* Build configuration list for PBXNativeTarget "iOSElectricpower" */;
			buildPhases = (
				EEEA65471CD1DA2500ED4673 /* Sources */,
				EEEA65481CD1DA2500ED4673 /* Frameworks */,
				EEEA65491CD1DA2500ED4673 /* Resources */,
			);
			buildRules = (
			);
			dependencies = (
			);
			name = iOSElectricpower;
			productName = iOSElectricpower;
			productReference = EEEA654B1CD1DA2500ED4673 /* iOSElectricpower.app */;
			productType = "com.apple.product-type.application";
		};
		EEEA655E1CD1DA2500ED4673 /* iOSElectricpowerTests */ = {
			isa = PBXNativeTarget;
			buildConfigurationList = EEEA65761CD1DA2500ED4673 /* Build configuration list for PBXNativeTarget "iOSElectricpowerTests" */;
			buildPhases = (
				EEEA655B1CD1DA2500ED4673 /* Sources */,
				EEEA655C1CD1DA2500ED4673 /* Frameworks */,
				EEEA655D1CD1DA2500ED4673 /* Resources */,
			);
			buildRules = (
			);
			dependencies = (
				EEEA65611CD1DA2500ED4673 /* PBXTargetDependency */,
			);
			name = iOSElectricpowerTests;
			productName = iOSElectricpowerTests;
			productReference = EEEA655F1CD1DA2500ED4673 /* iOSElectricpowerTests.xctest */;
			productType = "com.apple.product-type.bundle.unit-test";
		};
		EEEA65691CD1DA2500ED4673 /* iOSElectricpowerUITests */ = {
			isa = PBXNativeTarget;
			buildConfigurationList = EEEA65791CD1DA2500ED4673 /* Build configuration list for PBXNativeTarget "iOSElectricpowerUITests" */;
			buildPhases = (
				EEEA65661CD1DA2500ED4673 /* Sources */,
				EEEA65671CD1DA2500ED4673 /* Frameworks */,
				EEEA65681CD1DA2500ED4673 /* Resources */,
			);
			buildRules = (
			);
			dependencies = (
				EEEA656C1CD1DA2500ED4673 /* PBXTargetDependency */,
			);
			name = iOSElectricpowerUITests;
			productName = iOSElectricpowerUITests;
			productReference = EEEA656A1CD1DA2500ED4673 /* iOSElectricpowerUITests.xctest */;
			productType = "com.apple.product-type.bundle.ui-testing";
		};
/* End PBXNativeTarget section */

/* Begin PBXProject section */
		EEEA65431CD1DA2500ED4673 /* Project object */ = {
			isa = PBXProject;
			attributes = {
				LastSwiftUpdateCheck = 0730;
				LastUpgradeCheck = 0730;
				ORGANIZATIONNAME = Chotipat;
				TargetAttributes = {
					EEEA654A1CD1DA2500ED4673 = {
						CreatedOnToolsVersion = 7.3;
					};
					EEEA655E1CD1DA2500ED4673 = {
						CreatedOnToolsVersion = 7.3;
						TestTargetID = EEEA654A1CD1DA2500ED4673;
					};
					EEEA65691CD1DA2500ED4673 = {
						CreatedOnToolsVersion = 7.3;
						TestTargetID = EEEA654A1CD1DA2500ED4673;
					};
				};
			};
			buildConfigurationList = EEEA65461CD1DA2500ED4673 /* Build configuration list for PBXProject "iOSElectricpower" */;
			compatibilityVersion = "Xcode 3.2";
			developmentRegion = English;
			hasScannedForEncodings = 0;
			knownRegions = (
				en,
				Base,
			);
			mainGroup = EEEA65421CD1DA2500ED4673;
			productRefGroup = EEEA654C1CD1DA2500ED4673 /* Products */;
			projectDirPath = "";
			projectRoot = "";
			targets = (
				EEEA654A1CD1DA2500ED4673 /* iOSElectricpower */,
				EEEA655E1CD1DA2500ED4673 /* iOSElectricpowerTests */,
				EEEA65691CD1DA2500ED4673 /* iOSElectricpowerUITests */,
			);
		};
/* End PBXProject section */

/* Begin PBXResourcesBuildPhase section */
		EEEA65491CD1DA2500ED4673 /* Resources */ = {
			isa = PBXResourcesBuildPhase;
			buildActionMask = 2147483647;
			files = (
				EEEA65591CD1DA2500ED4673 /* LaunchScreen.storyboard in Resources */,
				EEEA65561CD1DA2500ED4673 /* Assets.xcassets in Resources */,
				EEEA65541CD1DA2500ED4673 /* Main.storyboard in Resources */,
			);
			runOnlyForDeploymentPostprocessing = 0;
		};
		EEEA655D1CD1DA2500ED4673 /* Resources */ = {
			isa = PBXResourcesBuildPhase;
			buildActionMask = 2147483647;
			files = (
			);
			runOnlyForDeploymentPostprocessing = 0;
		};
		EEEA65681CD1DA2500ED4673 /* Resources */ = {
			isa = PBXResourcesBuildPhase;
			buildActionMask = 2147483647;
			files = (
			);
			runOnlyForDeploymentPostprocessing = 0;
		};
/* End PBXResourcesBuildPhase section */

/* Begin PBXSourcesBuildPhase section */
		EEEA65471CD1DA2500ED4673 /* Sources */ = {
			isa = PBXSourcesBuildPhase;
			buildActionMask = 2147483647;
			files = (
				EEEA65511CD1DA2500ED4673 /* ViewController.swift in Sources */,
				EEEA654F1CD1DA2500ED4673 /* AppDelegate.swift in Sources */,
			);
			runOnlyForDeploymentPostprocessing = 0;
		};
		EEEA655B1CD1DA2500ED4673 /* Sources */ = {
			isa = PBXSourcesBuildPhase;
			buildActionMask = 2147483647;
			files = (
				EEEA65641CD1DA2500ED4673 /* iOSElectricpowerTests.swift in Sources */,
			);
			runOnlyForDeploymentPostprocessing = 0;
		};
		EEEA65661CD1DA2500ED4673 /* Sources */ = {
			isa = PBXSourcesBuildPhase;
			buildActionMask = 2147483647;
			files = (
				EEEA656F1CD1DA2500ED4673 /* iOSElectricpowerUITests.swift in Sources */,
			);
			runOnlyForDeploymentPostprocessing = 0;
		};
/* End PBXSourcesBuildPhase section */

/* Begin PBXTargetDependency section */
		EEEA65611CD1DA2500ED4673 /* PBXTargetDependency */ = {
			isa = PBXTargetDependency;
			target = EEEA654A1CD1DA2500ED4673 /* iOSElectricpower */;
			targetProxy = EEEA65601CD1DA2500ED4673 /* PBXContainerItemProxy */;
		};
		EEEA656C1CD1DA2500ED4673 /* PBXTargetDependency */ = {
			isa = PBXTargetDependency;
			target = EEEA654A1CD1DA2500ED4673 /* iOSElectricpower */;
			targetProxy = EEEA656B1CD1DA2500ED4673 /* PBXContainerItemProxy */;
		};
/* End PBXTargetDependency section */

/* Begin PBXVariantGroup section */
		EEEA65521CD1DA2500ED4673 /* Main.storyboard */ = {
			isa = PBXVariantGroup;
			children = (
				EEEA65531CD1DA2500ED4673 /* Base */,
			);
			name = Main.storyboard;
			sourceTree = "<group>";
		};
		EEEA65571CD1DA2500ED4673 /* LaunchScreen.storyboard */ = {
			isa = PBXVariantGroup;
			children = (
				EEEA65581CD1DA2500ED4673 /* Base */,
			);
			name = LaunchScreen.storyboard;
			sourceTree = "<group>";
		};
/* End PBXVariantGroup section */

/* Begin XCBuildConfiguration section */
		EEEA65711CD1DA2500ED4673 /* Debug */ = {
			isa = XCBuildConfiguration;
			buildSettings = {
				ALWAYS_SEARCH_USER_PATHS = NO;
				CLANG_ANALYZER_NONNULL = YES;
				CLANG_CXX_LANGUAGE_STANDARD = "gnu++0x";
				CLANG_CXX_LIBRARY = "libc++";
				CLANG_ENABLE_MODULES = YES;
				CLANG_ENABLE_OBJC_ARC = YES;
				CLANG_WARN_BOOL_CONVERSION = YES;
				CLANG_WARN_CONSTANT_CONVERSION = YES;
				CLANG_WARN_DIRECT_OBJC_ISA_USAGE = YES_ERROR;
				CLANG_WARN_EMPTY_BODY = YES;
				CLANG_WARN_ENUM_CONVERSION = YES;
				CLANG_WARN_INT_CONVERSION = YES;
				CLANG_WARN_OBJC_ROOT_CLASS = YES_ERROR;
				CLANG_WARN_UNREACHABLE_CODE = YES;
				CLANG_WARN__DUPLICATE_METHOD_MATCH = YES;
				"CODE_SIGN_IDENTITY[sdk=iphoneos*]" = "iPhone Developer";
				COPY_PHASE_STRIP = NO;
				DEBUG_INFORMATION_FORMAT = dwarf;
				ENABLE_STRICT_OBJC_MSGSEND = YES;
				ENABLE_TESTABILITY = YES;
				GCC_C_LANGUAGE_STANDARD = gnu99;
				GCC_DYNAMIC_NO_PIC = NO;
				GCC_NO_COMMON_BLOCKS = YES;
				GCC_OPTIMIZATION_LEVEL = 0;
				GCC_PREPROCESSOR_DEFINITIONS = (
					"DEBUG=1",
					"$(inherited)",
				);
				GCC_WARN_64_TO_32_BIT_CONVERSION = YES;
				GCC_WARN_ABOUT_RETURN_TYPE = YES_ERROR;
				GCC_WARN_UNDECLARED_SELECTOR = YES;
				GCC_WARN_UNINITIALIZED_AUTOS = YES_AGGRESSIVE;
				GCC_WARN_UNUSED_FUNCTION = YES;
				GCC_WARN_UNUSED_VARIABLE = YES;
				IPHONEOS_DEPLOYMENT_TARGET = 9.3;
				MTL_ENABLE_DEBUG_INFO = YES;
				ONLY_ACTIVE_ARCH = YES;
				SDKROOT = iphoneos;
				SWIFT_OPTIMIZATION_LEVEL = "-Onone";
				TARGETED_DEVICE_FAMILY = "1,2";
			};
			name = Debug;
		};
		EEEA65721CD1DA2500ED4673 /* Release */ = {
			isa = XCBuildConfiguration;
			buildSettings = {
				ALWAYS_SEARCH_USER_PATHS = NO;
				CLANG_ANALYZER_NONNULL = YES;
				CLANG_CXX_LANGUAGE_STANDARD = "gnu++0x";
				CLANG_CXX_LIBRARY = "libc++";
				CLANG_ENABLE_MODULES = YES;
				CLANG_ENABLE_OBJC_ARC = YES;
				CLANG_WARN_BOOL_CONVERSION = YES;
				CLANG_WARN_CONSTANT_CONVERSION = YES;
				CLANG_WARN_DIRECT_OBJC_ISA_USAGE = YES_ERROR;
				CLANG_WARN_EMPTY_BODY = YES;
				CLANG_WARN_ENUM_CONVERSION = YES;
				CLANG_WARN_INT_CONVERSION = YES;
				CLANG_WARN_OBJC_ROOT_CLASS = YES_ERROR;
				CLANG_WARN_UNREACHABLE_CODE = YES;
				CLANG_WARN__DUPLICATE_METHOD_MATCH = YES;
				"CODE_SIGN_IDENTITY[sdk=iphoneos*]" = "iPhone Developer";
				COPY_PHASE_STRIP = NO;
				DEBUG_INFORMATION_FORMAT = "dwarf-with-dsym";
				ENABLE_NS_ASSERTIONS = NO;
				ENABLE_STRICT_OBJC_MSGSEND = YES;
				GCC_C_LANGUAGE_STANDARD = gnu99;
				GCC_NO_COMMON_BLOCKS = YES;
				GCC_WARN_64_TO_32_BIT_CONVERSION = YES;
				GCC_WARN_ABOUT_RETURN_TYPE = YES_ERROR;
				GCC_WARN_UNDECLARED_SELECTOR = YES;
				GCC_WARN_UNINITIALIZED_AUTOS = YES_AGGRESSIVE;
				GCC_WARN_UNUSED_FUNCTION = YES;
				GCC_WARN_UNUSED_VARIABLE = YES;
				IPHONEOS_DEPLOYMENT_TARGET = 9.3;
				MTL_ENABLE_DEBUG_INFO = NO;
				SDKROOT = iphoneos;
				TARGETED_DEVICE_FAMILY = "1,2";
				VALIDATE_PRODUCT = YES;
			};
			name = Release;
		};
		EEEA65741CD1DA2500ED4673 /* Debug */ = {
			isa = XCBuildConfiguration;
			buildSettings = {
				ASSETCATALOG_COMPILER_APPICON_NAME = AppIcon;
				INFOPLIST_FILE = iOSElectricpower/Info.plist;
				LD_RUNPATH_SEARCH_PATHS = "$(inherited) @executable_path/Frameworks";
				PRODUCT_BUNDLE_IDENTIFIER = topz.iOSElectricpower;
				PRODUCT_NAME = "$(TARGET_NAME)";
			};
			name = Debug;
		};
		EEEA65751CD1DA2500ED4673 /* Release */ = {
			isa = XCBuildConfiguration;
			buildSettings = {
				ASSETCATALOG_COMPILER_APPICON_NAME = AppIcon;
				INFOPLIST_FILE = iOSElectricpower/Info.plist;
				LD_RUNPATH_SEARCH_PATHS = "$(inherited) @executable_path/Frameworks";
				PRODUCT_BUNDLE_IDENTIFIER = topz.iOSElectricpower;
				PRODUCT_NAME = "$(TARGET_NAME)";
			};
			name = Release;
		};
		EEEA65771CD1DA2500ED4673 /* Debug */ = {
			isa = XCBuildConfiguration;
			buildSettings = {
				BUNDLE_LOADER = "$(TEST_HOST)";
				INFOPLIST_FILE = iOSElectricpowerTests/Info.plist;
				LD_RUNPATH_SEARCH_PATHS = "$(inherited) @executable_path/Frameworks @loader_path/Frameworks";
				PRODUCT_BUNDLE_IDENTIFIER = topz.iOSElectricpowerTests;
				PRODUCT_NAME = "$(TARGET_NAME)";
				TEST_HOST = "$(BUILT_PRODUCTS_DIR)/iOSElectricpower.app/iOSElectricpower";
			};
			name = Debug;
		};
		EEEA65781CD1DA2500ED4673 /* Release */ = {
			isa = XCBuildConfiguration;
			buildSettings = {
				BUNDLE_LOADER = "$(TEST_HOST)";
				INFOPLIST_FILE = iOSElectricpowerTests/Info.plist;
				LD_RUNPATH_SEARCH_PATHS = "$(inherited) @executable_path/Frameworks @loader_path/Frameworks";
				PRODUCT_BUNDLE_IDENTIFIER = topz.iOSElectricpowerTests;
				PRODUCT_NAME = "$(TARGET_NAME)";
				TEST_HOST = "$(BUILT_PRODUCTS_DIR)/iOSElectricpower.app/iOSElectricpower";
			};
			name = Release;
		};
		EEEA657A1CD1DA2500ED4673 /* Debug */ = {
			isa = XCBuildConfiguration;
			buildSettings = {
				INFOPLIST_FILE = iOSElectricpowerUITests/Info.plist;
				LD_RUNPATH_SEARCH_PATHS = "$(inherited) @executable_path/Frameworks @loader_path/Frameworks";
				PRODUCT_BUNDLE_IDENTIFIER = topz.iOSElectricpowerUITests;
				PRODUCT_NAME = "$(TARGET_NAME)";
				TEST_TARGET_NAME = iOSElectricpower;
			};
			name = Debug;
		};
		EEEA657B1CD1DA2500ED4673 /* Release */ = {
			isa = XCBuildConfiguration;
			buildSettings = {
				INFOPLIST_FILE = iOSElectricpowerUITests/Info.plist;
				LD_RUNPATH_SEARCH_PATHS = "$(inherited) @executable_path/Frameworks @loader_path/Frameworks";
				PRODUCT_BUNDLE_IDENTIFIER = topz.iOSElectricpowerUITests;
				PRODUCT_NAME = "$(TARGET_NAME)";
				TEST_TARGET_NAME = iOSElectricpower;
			};
			name = Release;
		};
/* End XCBuildConfiguration section */

/* Begin XCConfigurationList section */
		EEEA65461CD1DA2500ED4673 /* Build configuration list for PBXProject "iOSElectricpower" */ = {
			isa = XCConfigurationList;
			buildConfigurations = (
				EEEA65711CD1DA2500ED4673 /* Debug */,
				EEEA65721CD1DA2500ED4673 /* Release */,
			);
			defaultConfigurationIsVisible = 0;
			defaultConfigurationName = Release;
		};
		EEEA65731CD1DA2500ED4673 /* Build configuration list for PBXNativeTarget "iOSElectricpower" */ = {
			isa = XCConfigurationList;
			buildConfigurations = (
				EEEA65741CD1DA2500ED4673 /* Debug */,
				EEEA65751CD1DA2500ED4673 /* Release */,
			);
			defaultConfigurationIsVisible = 0;
		};
		EEEA65761CD1DA2500ED4673 /* Build configuration list for PBXNativeTarget "iOSElectricpowerTests" */ = {
			isa = XCConfigurationList;
			buildConfigurations = (
				EEEA65771CD1DA2500ED4673 /* Debug */,
				EEEA65781CD1DA2500ED4673 /* Release */,
			);
			defaultConfigurationIsVisible = 0;
		};
		EEEA65791CD1DA2500ED4673 /* Build configuration list for PBXNativeTarget "iOSElectricpowerUITests" */ = {
			isa = XCConfigurationList;
			buildConfigurations = (
				EEEA657A1CD1DA2500ED4673 /* Debug */,
				EEEA657B1CD1DA2500ED4673 /* Release */,
			);
			defaultConfigurationIsVisible = 0;
		};
/* End XCConfigurationList section */
	};
	rootObject = EEEA65431CD1DA2500ED4673 /* Project object */;
}
